// !$*UTF8*$!
{
	archiveVersion = 1;
	classes = {
	};
	objectVersion = 46;
	objects = {

/* Begin PBXBuildFile section */
		045FD8DB1D60CA2A0061AC2C /* Movie.swift in Sources */ = {isa = PBXBuildFile; fileRef = 045FD8DA1D60CA2A0061AC2C /* Movie.swift */; };
		045FD8DD1D60DABB0061AC2C /* DataManager.swift in Sources */ = {isa = PBXBuildFile; fileRef = 045FD8DC1D60DABB0061AC2C /* DataManager.swift */; };
		182749791D1F85D10029B040 /* MovieCell.swift in Sources */ = {isa = PBXBuildFile; fileRef = 182749781D1F85D10029B040 /* MovieCell.swift */; };
		18AEA5581D16E6D500A61E85 /* AppDelegate.swift in Sources */ = {isa = PBXBuildFile; fileRef = 18AEA5571D16E6D500A61E85 /* AppDelegate.swift */; };
		18AEA55D1D16E6D500A61E85 /* Main.storyboard in Resources */ = {isa = PBXBuildFile; fileRef = 18AEA55B1D16E6D500A61E85 /* Main.storyboard */; };
		18AEA55F1D16E6D600A61E85 /* Assets.xcassets in Resources */ = {isa = PBXBuildFile; fileRef = 18AEA55E1D16E6D600A61E85 /* Assets.xcassets */; };
		18AEA5621D16E6D600A61E85 /* LaunchScreen.storyboard in Resources */ = {isa = PBXBuildFile; fileRef = 18AEA5601D16E6D600A61E85 /* LaunchScreen.storyboard */; };
		18AEA56A1D16E73500A61E85 /* MoviesViewController.swift in Sources */ = {isa = PBXBuildFile; fileRef = 18AEA5691D16E73500A61E85 /* MoviesViewController.swift */; };
		18F903221D256F2000044F2E /* DetailViewController.swift in Sources */ = {isa = PBXBuildFile; fileRef = 18F903211D256F2000044F2E /* DetailViewController.swift */; };
		8B2495A604DDDD852AF4EB25 /* Pods_Flick.framework in Frameworks */ = {isa = PBXBuildFile; fileRef = 3E54240D7740BBDDC2ED2ED8 /* Pods_Flick.framework */; };
/* End PBXBuildFile section */

/* Begin PBXFileReference section */
		045FD8DA1D60CA2A0061AC2C /* Movie.swift */ = {isa = PBXFileReference; fileEncoding = 4; lastKnownFileType = sourcecode.swift; path = Movie.swift; sourceTree = "<group>"; };
		045FD8DC1D60DABB0061AC2C /* DataManager.swift */ = {isa = PBXFileReference; fileEncoding = 4; lastKnownFileType = sourcecode.swift; path = DataManager.swift; sourceTree = "<group>"; };
		182749781D1F85D10029B040 /* MovieCell.swift */ = {isa = PBXFileReference; fileEncoding = 4; lastKnownFileType = sourcecode.swift; path = MovieCell.swift; sourceTree = "<group>"; };
		18AEA5541D16E6D500A61E85 /* Flick.app */ = {isa = PBXFileReference; explicitFileType = wrapper.application; includeInIndex = 0; path = Flick.app; sourceTree = BUILT_PRODUCTS_DIR; };
		18AEA5571D16E6D500A61E85 /* AppDelegate.swift */ = {isa = PBXFileReference; lastKnownFileType = sourcecode.swift; path = AppDelegate.swift; sourceTree = "<group>"; };
		18AEA55C1D16E6D500A61E85 /* Base */ = {isa = PBXFileReference; lastKnownFileType = file.storyboard; name = Base; path = Base.lproj/Main.storyboard; sourceTree = "<group>"; };
		18AEA55E1D16E6D600A61E85 /* Assets.xcassets */ = {isa = PBXFileReference; lastKnownFileType = folder.assetcatalog; path = Assets.xcassets; sourceTree = "<group>"; };
		18AEA5611D16E6D600A61E85 /* Base */ = {isa = PBXFileReference; lastKnownFileType = file.storyboard; name = Base; path = Base.lproj/LaunchScreen.storyboard; sourceTree = "<group>"; };
		18AEA5631D16E6D600A61E85 /* Info.plist */ = {isa = PBXFileReference; lastKnownFileType = text.plist.xml; path = Info.plist; sourceTree = "<group>"; };
		18AEA5691D16E73500A61E85 /* MoviesViewController.swift */ = {isa = PBXFileReference; fileEncoding = 4; lastKnownFileType = sourcecode.swift; path = MoviesViewController.swift; sourceTree = "<group>"; };
		18F903211D256F2000044F2E /* DetailViewController.swift */ = {isa = PBXFileReference; fileEncoding = 4; lastKnownFileType = sourcecode.swift; path = DetailViewController.swift; sourceTree = "<group>"; };
		3E54240D7740BBDDC2ED2ED8 /* Pods_Flick.framework */ = {isa = PBXFileReference; explicitFileType = wrapper.framework; includeInIndex = 0; path = Pods_Flick.framework; sourceTree = BUILT_PRODUCTS_DIR; };
		8C9DA3F0ADEB6819E3B25338 /* Pods-Flick.debug.xcconfig */ = {isa = PBXFileReference; includeInIndex = 1; lastKnownFileType = text.xcconfig; name = "Pods-Flick.debug.xcconfig"; path = "Pods/Target Support Files/Pods-Flick/Pods-Flick.debug.xcconfig"; sourceTree = "<group>"; };
		981158A85EDD1A0850E25CBF /* Pods-Flick.release.xcconfig */ = {isa = PBXFileReference; includeInIndex = 1; lastKnownFileType = text.xcconfig; name = "Pods-Flick.release.xcconfig"; path = "Pods/Target Support Files/Pods-Flick/Pods-Flick.release.xcconfig"; sourceTree = "<group>"; };
/* End PBXFileReference section */

/* Begin PBXFrameworksBuildPhase section */
		18AEA5511D16E6D500A61E85 /* Frameworks */ = {
			isa = PBXFrameworksBuildPhase;
			buildActionMask = 2147483647;
			files = (
				8B2495A604DDDD852AF4EB25 /* Pods_Flick.framework in Frameworks */,
			);
			runOnlyForDeploymentPostprocessing = 0;
		};
/* End PBXFrameworksBuildPhase section */

/* Begin PBXGroup section */
		102ABEE9E3EC41B8DC5DC43F /* Pods */ = {
			isa = PBXGroup;
			children = (
				8C9DA3F0ADEB6819E3B25338 /* Pods-Flick.debug.xcconfig */,
				981158A85EDD1A0850E25CBF /* Pods-Flick.release.xcconfig */,
			);
			name = Pods;
			sourceTree = "<group>";
		};
		18AEA54B1D16E6D500A61E85 = {
			isa = PBXGroup;
			children = (
				18AEA5561D16E6D500A61E85 /* Flick */,
				18AEA5551D16E6D500A61E85 /* Products */,
				102ABEE9E3EC41B8DC5DC43F /* Pods */,
				CE96778F1AB8B9DA72F59A25 /* Frameworks */,
			);
			sourceTree = "<group>";
		};
		18AEA5551D16E6D500A61E85 /* Products */ = {
			isa = PBXGroup;
			children = (
				18AEA5541D16E6D500A61E85 /* Flick.app */,
			);
			name = Products;
			sourceTree = "<group>";
		};
		18AEA5561D16E6D500A61E85 /* Flick */ = {
			isa = PBXGroup;
			children = (
				18AEA5571D16E6D500A61E85 /* AppDelegate.swift */,
				18AEA55B1D16E6D500A61E85 /* Main.storyboard */,
				18F903211D256F2000044F2E /* DetailViewController.swift */,
				182749781D1F85D10029B040 /* MovieCell.swift */,
				18AEA55E1D16E6D600A61E85 /* Assets.xcassets */,
				18AEA5601D16E6D600A61E85 /* LaunchScreen.storyboard */,
				18AEA5631D16E6D600A61E85 /* Info.plist */,
				18AEA5691D16E73500A61E85 /* MoviesViewController.swift */,
				045FD8DC1D60DABB0061AC2C /* DataManager.swift */,
				045FD8DA1D60CA2A0061AC2C /* Movie.swift */,
			);
			path = Flick;
			sourceTree = "<group>";
		};
		CE96778F1AB8B9DA72F59A25 /* Frameworks */ = {
			isa = PBXGroup;
			children = (
				3E54240D7740BBDDC2ED2ED8 /* Pods_Flick.framework */,
			);
			name = Frameworks;
			sourceTree = "<group>";
		};
/* End PBXGroup section */

/* Begin PBXNativeTarget section */
		18AEA5531D16E6D500A61E85 /* Flick */ = {
			isa = PBXNativeTarget;
			buildConfigurationList = 18AEA5661D16E6D600A61E85 /* Build configuration list for PBXNativeTarget "Flick" */;
			buildPhases = (
				47ACD67BC25123F367B49C11 /* 📦 Check Pods Manifest.lock */,
				18BCC44FE4C2C6102DDD79B5 /* [CP] Check Pods Manifest.lock */,
				18AEA5501D16E6D500A61E85 /* Sources */,
				18AEA5511D16E6D500A61E85 /* Frameworks */,
				18AEA5521D16E6D500A61E85 /* Resources */,
				BEEFFB1E84CB75CA01DF08BA /* [CP] Embed Pods Frameworks */,
				53E7D562BFD9FDAFFD8E170F /* [CP] Copy Pods Resources */,
				D3B6170E56CBA2D410FBD56B /* 📦 Embed Pods Frameworks */,
				8AB737572B1821D985445B80 /* 📦 Copy Pods Resources */,
			);
			buildRules = (
			);
			dependencies = (
			);
			name = Flick;
			productName = Flick;
			productReference = 18AEA5541D16E6D500A61E85 /* Flick.app */;
			productType = "com.apple.product-type.application";
		};
/* End PBXNativeTarget section */

/* Begin PBXProject section */
		18AEA54C1D16E6D500A61E85 /* Project object */ = {
			isa = PBXProject;
			attributes = {
				LastSwiftUpdateCheck = 0730;
				LastUpgradeCheck = 0730;
				ORGANIZATIONNAME = DaveVo;
				TargetAttributes = {
					18AEA5531D16E6D500A61E85 = {
						CreatedOnToolsVersion = 7.3.1;
						DevelopmentTeam = QCBK6P7M2R;
					};
				};
			};
			buildConfigurationList = 18AEA54F1D16E6D500A61E85 /* Build configuration list for PBXProject "Flick" */;
			compatibilityVersion = "Xcode 3.2";
			developmentRegion = English;
			hasScannedForEncodings = 0;
			knownRegions = (
				en,
				Base,
			);
			mainGroup = 18AEA54B1D16E6D500A61E85;
			productRefGroup = 18AEA5551D16E6D500A61E85 /* Products */;
			projectDirPath = "";
			projectRoot = "";
			targets = (
				18AEA5531D16E6D500A61E85 /* Flick */,
			);
		};
/* End PBXProject section */

/* Begin PBXResourcesBuildPhase section */
		18AEA5521D16E6D500A61E85 /* Resources */ = {
			isa = PBXResourcesBuildPhase;
			buildActionMask = 2147483647;
			files = (
				18AEA5621D16E6D600A61E85 /* LaunchScreen.storyboard in Resources */,
				18AEA55F1D16E6D600A61E85 /* Assets.xcassets in Resources */,
				18AEA55D1D16E6D500A61E85 /* Main.storyboard in Resources */,
			);
			runOnlyForDeploymentPostprocessing = 0;
		};
/* End PBXResourcesBuildPhase section */

/* Begin PBXShellScriptBuildPhase section */
		18BCC44FE4C2C6102DDD79B5 /* [CP] Check Pods Manifest.lock */ = {
			isa = PBXShellScriptBuildPhase;
			buildActionMask = 2147483647;
			files = (
			);
			inputPaths = (
			);
			name = "[CP] Check Pods Manifest.lock";
			outputPaths = (
			);
			runOnlyForDeploymentPostprocessing = 0;
			shellPath = /bin/sh;
			shellScript = "diff \"${PODS_ROOT}/../Podfile.lock\" \"${PODS_ROOT}/Manifest.lock\" > /dev/null\nif [[ $? != 0 ]] ; then\n    cat << EOM\nerror: The sandbox is not in sync with the Podfile.lock. Run 'pod install' or update your CocoaPods installation.\nEOM\n    exit 1\nfi\n";
			showEnvVarsInLog = 0;
		};
		47ACD67BC25123F367B49C11 /* 📦 Check Pods Manifest.lock */ = {
			isa = PBXShellScriptBuildPhase;
			buildActionMask = 2147483647;
			files = (
			);
			inputPaths = (
			);
			name = "📦 Check Pods Manifest.lock";
			outputPaths = (
			);
			runOnlyForDeploymentPostprocessing = 0;
			shellPath = /bin/sh;
			shellScript = "diff \"${PODS_ROOT}/../Podfile.lock\" \"${PODS_ROOT}/Manifest.lock\" > /dev/null\nif [[ $? != 0 ]] ; then\n    cat << EOM\nerror: The sandbox is not in sync with the Podfile.lock. Run 'pod install' or update your CocoaPods installation.\nEOM\n    exit 1\nfi\n";
			showEnvVarsInLog = 0;
		};
		53E7D562BFD9FDAFFD8E170F /* [CP] Copy Pods Resources */ = {
			isa = PBXShellScriptBuildPhase;
			buildActionMask = 2147483647;
			files = (
			);
			inputPaths = (
			);
			name = "[CP] Copy Pods Resources";
			outputPaths = (
			);
			runOnlyForDeploymentPostprocessing = 0;
			shellPath = /bin/sh;
			shellScript = "\"${SRCROOT}/Pods/Target Support Files/Pods-Flick/Pods-Flick-resources.sh\"\n";
			showEnvVarsInLog = 0;
		};
		8AB737572B1821D985445B80 /* 📦 Copy Pods Resources */ = {
			isa = PBXShellScriptBuildPhase;
			buildActionMask = 2147483647;
			files = (
			);
			inputPaths = (
			);
			name = "📦 Copy Pods Resources";
			outputPaths = (
			);
			runOnlyForDeploymentPostprocessing = 0;
			shellPath = /bin/sh;
			shellScript = "\"${SRCROOT}/Pods/Target Support Files/Pods-Flick/Pods-Flick-resources.sh\"\n";
			showEnvVarsInLog = 0;
		};
		BEEFFB1E84CB75CA01DF08BA /* [CP] Embed Pods Frameworks */ = {
			isa = PBXShellScriptBuildPhase;
			buildActionMask = 2147483647;
			files = (
			);
			inputPaths = (
			);
			name = "[CP] Embed Pods Frameworks";
			outputPaths = (
			);
			runOnlyForDeploymentPostprocessing = 0;
			shellPath = /bin/sh;
			shellScript = "\"${SRCROOT}/Pods/Target Support Files/Pods-Flick/Pods-Flick-frameworks.sh\"\n";
			showEnvVarsInLog = 0;
		};
		D3B6170E56CBA2D410FBD56B /* 📦 Embed Pods Frameworks */ = {
			isa = PBXShellScriptBuildPhase;
			buildActionMask = 2147483647;
			files = (
			);
			inputPaths = (
			);
			name = "📦 Embed Pods Frameworks";
			outputPaths = (
			);
			runOnlyForDeploymentPostprocessing = 0;
			shellPath = /bin/sh;
			shellScript = "\"${SRCROOT}/Pods/Target Support Files/Pods-Flick/Pods-Flick-frameworks.sh\"\n";
			showEnvVarsInLog = 0;
		};
/* End PBXShellScriptBuildPhase section */

/* Begin PBXSourcesBuildPhase section */
		18AEA5501D16E6D500A61E85 /* Sources */ = {
			isa = PBXSourcesBuildPhase;
			buildActionMask = 2147483647;
			files = (
				18AEA5581D16E6D500A61E85 /* AppDelegate.swift in Sources */,
				045FD8DD1D60DABB0061AC2C /* DataManager.swift in Sources */,
				18AEA56A1D16E73500A61E85 /* MoviesViewController.swift in Sources */,
				182749791D1F85D10029B040 /* MovieCell.swift in Sources */,
				18F903221D256F2000044F2E /* DetailViewController.swift in Sources */,
				045FD8DB1D60CA2A0061AC2C /* Movie.swift in Sources */,
			);
			runOnlyForDeploymentPostprocessing = 0;
		};
/* End PBXSourcesBuildPhase section */

/* Begin PBXVariantGroup section */
		18AEA55B1D16E6D500A61E85 /* Main.storyboard */ = {
			isa = PBXVariantGroup;
			children = (
				18AEA55C1D16E6D500A61E85 /* Base */,
			);
			name = Main.storyboard;
			sourceTree = "<group>";
		};
		18AEA5601D16E6D600A61E85 /* LaunchScreen.storyboard */ = {
			isa = PBXVariantGroup;
			children = (
				18AEA5611D16E6D600A61E85 /* Base */,
			);
			name = LaunchScreen.storyboard;
			sourceTree = "<group>";
		};
/* End PBXVariantGroup section */

/* Begin XCBuildConfiguration section */
		18AEA5641D16E6D600A61E85 /* Debug */ = {
			isa = XCBuildConfiguration;
			buildSettings = {
				ALWAYS_SEARCH_USER_PATHS = NO;
				CLANG_ANALYZER_NONNULL = YES;
				CLANG_CXX_LANGUAGE_STANDARD = "gnu++0x";
				CLANG_CXX_LIBRARY = "libc++";
				CLANG_ENABLE_MODULES = YES;
				CLANG_ENABLE_OBJC_ARC = YES;
				CLANG_WARN_BOOL_CONVERSION = YES;
				CLANG_WARN_CONSTANT_CONVERSION = YES;
				CLANG_WARN_DIRECT_OBJC_ISA_USAGE = YES_ERROR;
				CLANG_WARN_EMPTY_BODY = YES;
				CLANG_WARN_ENUM_CONVERSION = YES;
				CLANG_WARN_INT_CONVERSION = YES;
				CLANG_WARN_OBJC_ROOT_CLASS = YES_ERROR;
				CLANG_WARN_UNREACHABLE_CODE = YES;
				CLANG_WARN__DUPLICATE_METHOD_MATCH = YES;
				"CODE_SIGN_IDENTITY[sdk=iphoneos*]" = "iPhone Developer";
				COPY_PHASE_STRIP = NO;
				DEBUG_INFORMATION_FORMAT = dwarf;
				ENABLE_STRICT_OBJC_MSGSEND = YES;
				ENABLE_TESTABILITY = YES;
				GCC_C_LANGUAGE_STANDARD = gnu99;
				GCC_DYNAMIC_NO_PIC = NO;
				GCC_NO_COMMON_BLOCKS = YES;
				GCC_OPTIMIZATION_LEVEL = 0;
				GCC_PREPROCESSOR_DEFINITIONS = (
					"DEBUG=1",
					"$(inherited)",
				);
				GCC_WARN_64_TO_32_BIT_CONVERSION = YES;
				GCC_WARN_ABOUT_RETURN_TYPE = YES_ERROR;
				GCC_WARN_UNDECLARED_SELECTOR = YES;
				GCC_WARN_UNINITIALIZED_AUTOS = YES_AGGRESSIVE;
				GCC_WARN_UNUSED_FUNCTION = YES;
				GCC_WARN_UNUSED_VARIABLE = YES;
				IPHONEOS_DEPLOYMENT_TARGET = 9.3;
				MTL_ENABLE_DEBUG_INFO = YES;
				ONLY_ACTIVE_ARCH = YES;
				SDKROOT = iphoneos;
				SWIFT_OPTIMIZATION_LEVEL = "-Onone";
			};
			name = Debug;
		};
		18AEA5651D16E6D600A61E85 /* Release */ = {
			isa = XCBuildConfiguration;
			buildSettings = {
				ALWAYS_SEARCH_USER_PATHS = NO;
				CLANG_ANALYZER_NONNULL = YES;
				CLANG_CXX_LANGUAGE_STANDARD = "gnu++0x";
				CLANG_CXX_LIBRARY = "libc++";
				CLANG_ENABLE_MODULES = YES;
				CLANG_ENABLE_OBJC_ARC = YES;
				CLANG_WARN_BOOL_CONVERSION = YES;
				CLANG_WARN_CONSTANT_CONVERSION = YES;
				CLANG_WARN_DIRECT_OBJC_ISA_USAGE = YES_ERROR;
				CLANG_WARN_EMPTY_BODY = YES;
				CLANG_WARN_ENUM_CONVERSION = YES;
				CLANG_WARN_INT_CONVERSION = YES;
				CLANG_WARN_OBJC_ROOT_CLASS = YES_ERROR;
				CLANG_WARN_UNREACHABLE_CODE = YES;
				CLANG_WARN__DUPLICATE_METHOD_MATCH = YES;
				"CODE_SIGN_IDENTITY[sdk=iphoneos*]" = "iPhone Developer";
				COPY_PHASE_STRIP = NO;
				DEBUG_INFORMATION_FORMAT = "dwarf-with-dsym";
				ENABLE_NS_ASSERTIONS = NO;
				ENABLE_STRICT_OBJC_MSGSEND = YES;
				GCC_C_LANGUAGE_STANDARD = gnu99;
				GCC_NO_COMMON_BLOCKS = YES;
				GCC_WARN_64_TO_32_BIT_CONVERSION = YES;
				GCC_WARN_ABOUT_RETURN_TYPE = YES_ERROR;
				GCC_WARN_UNDECLARED_SELECTOR = YES;
				GCC_WARN_UNINITIALIZED_AUTOS = YES_AGGRESSIVE;
				GCC_WARN_UNUSED_FUNCTION = YES;
				GCC_WARN_UNUSED_VARIABLE = YES;
				IPHONEOS_DEPLOYMENT_TARGET = 9.3;
				MTL_ENABLE_DEBUG_INFO = NO;
				SDKROOT = iphoneos;
				VALIDATE_PRODUCT = YES;
			};
			name = Release;
		};
		18AEA5671D16E6D600A61E85 /* Debug */ = {
			isa = XCBuildConfiguration;
			baseConfigurationReference = 8C9DA3F0ADEB6819E3B25338 /* Pods-Flick.debug.xcconfig */;
			buildSettings = {
				ASSETCATALOG_COMPILER_APPICON_NAME = AppIcon;
				INFOPLIST_FILE = Flick/Info.plist;
				LD_RUNPATH_SEARCH_PATHS = "$(inherited) @executable_path/Frameworks";
				PRODUCT_BUNDLE_IDENTIFIER = com.drm.Flick;
				PRODUCT_NAME = "$(TARGET_NAME)";
			};
			name = Debug;
		};
		18AEA5681D16E6D600A61E85 /* Release */ = {
			isa = XCBuildConfiguration;
			baseConfigurationReference = 981158A85EDD1A0850E25CBF /* Pods-Flick.release.xcconfig */;
			buildSettings = {
				ASSETCATALOG_COMPILER_APPICON_NAME = AppIcon;
				INFOPLIST_FILE = Flick/Info.plist;
				LD_RUNPATH_SEARCH_PATHS = "$(inherited) @executable_path/Frameworks";
				PRODUCT_BUNDLE_IDENTIFIER = com.drm.Flick;
				PRODUCT_NAME = "$(TARGET_NAME)";
			};
			name = Release;
		};
/* End XCBuildConfiguration section */

/* Begin XCConfigurationList section */
		18AEA54F1D16E6D500A61E85 /* Build configuration list for PBXProject "Flick" */ = {
			isa = XCConfigurationList;
			buildConfigurations = (
				18AEA5641D16E6D600A61E85 /* Debug */,
				18AEA5651D16E6D600A61E85 /* Release */,
			);
			defaultConfigurationIsVisible = 0;
			defaultConfigurationName = Release;
		};
		18AEA5661D16E6D600A61E85 /* Build configuration list for PBXNativeTarget "Flick" */ = {
			isa = XCConfigurationList;
			buildConfigurations = (
				18AEA5671D16E6D600A61E85 /* Debug */,
				18AEA5681D16E6D600A61E85 /* Release */,
			);
			defaultConfigurationIsVisible = 0;
			defaultConfigurationName = Release;
		};
/* End XCConfigurationList section */
	};
	rootObject = 18AEA54C1D16E6D500A61E85 /* Project object */;
}
